// !$*UTF8*$!
{
	archiveVersion = 1;
	classes = {
	};
	objectVersion = 56;
	objects = {

/* Begin PBXBuildFile section */
		6E66E1CB2A2EAE40001A167A /* magicX_dheeraTakeHomeApp.swift in Sources */ = {isa = PBXBuildFile; fileRef = 6E66E1CA2A2EAE40001A167A /* magicX_dheeraTakeHomeApp.swift */; };
		6E66E1CD2A2EAE40001A167A /* ContentView.swift in Sources */ = {isa = PBXBuildFile; fileRef = 6E66E1CC2A2EAE40001A167A /* ContentView.swift */; };
		6E66E1CF2A2EAE41001A167A /* Assets.xcassets in Resources */ = {isa = PBXBuildFile; fileRef = 6E66E1CE2A2EAE41001A167A /* Assets.xcassets */; };
		6E66E1D22A2EAE41001A167A /* Preview Assets.xcassets in Resources */ = {isa = PBXBuildFile; fileRef = 6E66E1D12A2EAE41001A167A /* Preview Assets.xcassets */; };
		6E66E1DC2A2EAE41001A167A /* magicX_dheeraTakeHomeTests.swift in Sources */ = {isa = PBXBuildFile; fileRef = 6E66E1DB2A2EAE41001A167A /* magicX_dheeraTakeHomeTests.swift */; };
		6E66E1E62A2EAE41001A167A /* magicX_dheeraTakeHomeUITests.swift in Sources */ = {isa = PBXBuildFile; fileRef = 6E66E1E52A2EAE41001A167A /* magicX_dheeraTakeHomeUITests.swift */; };
		6E66E1E82A2EAE42001A167A /* magicX_dheeraTakeHomeUITestsLaunchTests.swift in Sources */ = {isa = PBXBuildFile; fileRef = 6E66E1E72A2EAE42001A167A /* magicX_dheeraTakeHomeUITestsLaunchTests.swift */; };
/* End PBXBuildFile section */

/* Begin PBXContainerItemProxy section */
		6E66E1D82A2EAE41001A167A /* PBXContainerItemProxy */ = {
			isa = PBXContainerItemProxy;
			containerPortal = 6E66E1BF2A2EAE3F001A167A /* Project object */;
			proxyType = 1;
			remoteGlobalIDString = 6E66E1C62A2EAE40001A167A;
			remoteInfo = magicX_dheeraTakeHome;
		};
		6E66E1E22A2EAE41001A167A /* PBXContainerItemProxy */ = {
			isa = PBXContainerItemProxy;
			containerPortal = 6E66E1BF2A2EAE3F001A167A /* Project object */;
			proxyType = 1;
			remoteGlobalIDString = 6E66E1C62A2EAE40001A167A;
			remoteInfo = magicX_dheeraTakeHome;
		};
/* End PBXContainerItemProxy section */

/* Begin PBXFileReference section */
		6E66E1C72A2EAE40001A167A /* magicX_dheeraTakeHome.app */ = {isa = PBXFileReference; explicitFileType = wrapper.application; includeInIndex = 0; path = magicX_dheeraTakeHome.app; sourceTree = BUILT_PRODUCTS_DIR; };
		6E66E1CA2A2EAE40001A167A /* magicX_dheeraTakeHomeApp.swift */ = {isa = PBXFileReference; lastKnownFileType = sourcecode.swift; path = magicX_dheeraTakeHomeApp.swift; sourceTree = "<group>"; };
		6E66E1CC2A2EAE40001A167A /* ContentView.swift */ = {isa = PBXFileReference; lastKnownFileType = sourcecode.swift; path = ContentView.swift; sourceTree = "<group>"; };
		6E66E1CE2A2EAE41001A167A /* Assets.xcassets */ = {isa = PBXFileReference; lastKnownFileType = folder.assetcatalog; path = Assets.xcassets; sourceTree = "<group>"; };
		6E66E1D12A2EAE41001A167A /* Preview Assets.xcassets */ = {isa = PBXFileReference; lastKnownFileType = folder.assetcatalog; path = "Preview Assets.xcassets"; sourceTree = "<group>"; };
		6E66E1D72A2EAE41001A167A /* magicX_dheeraTakeHomeTests.xctest */ = {isa = PBXFileReference; explicitFileType = wrapper.cfbundle; includeInIndex = 0; path = magicX_dheeraTakeHomeTests.xctest; sourceTree = BUILT_PRODUCTS_DIR; };
		6E66E1DB2A2EAE41001A167A /* magicX_dheeraTakeHomeTests.swift */ = {isa = PBXFileReference; lastKnownFileType = sourcecode.swift; path = magicX_dheeraTakeHomeTests.swift; sourceTree = "<group>"; };
		6E66E1E12A2EAE41001A167A /* magicX_dheeraTakeHomeUITests.xctest */ = {isa = PBXFileReference; explicitFileType = wrapper.cfbundle; includeInIndex = 0; path = magicX_dheeraTakeHomeUITests.xctest; sourceTree = BUILT_PRODUCTS_DIR; };
		6E66E1E52A2EAE41001A167A /* magicX_dheeraTakeHomeUITests.swift */ = {isa = PBXFileReference; lastKnownFileType = sourcecode.swift; path = magicX_dheeraTakeHomeUITests.swift; sourceTree = "<group>"; };
		6E66E1E72A2EAE42001A167A /* magicX_dheeraTakeHomeUITestsLaunchTests.swift */ = {isa = PBXFileReference; lastKnownFileType = sourcecode.swift; path = magicX_dheeraTakeHomeUITestsLaunchTests.swift; sourceTree = "<group>"; };
/* End PBXFileReference section */

/* Begin PBXFrameworksBuildPhase section */
		6E66E1C42A2EAE40001A167A /* Frameworks */ = {
			isa = PBXFrameworksBuildPhase;
			buildActionMask = 2147483647;
			files = (
			);
			runOnlyForDeploymentPostprocessing = 0;
		};
		6E66E1D42A2EAE41001A167A /* Frameworks */ = {
			isa = PBXFrameworksBuildPhase;
			buildActionMask = 2147483647;
			files = (
			);
			runOnlyForDeploymentPostprocessing = 0;
		};
		6E66E1DE2A2EAE41001A167A /* Frameworks */ = {
			isa = PBXFrameworksBuildPhase;
			buildActionMask = 2147483647;
			files = (
			);
			runOnlyForDeploymentPostprocessing = 0;
		};
/* End PBXFrameworksBuildPhase section */

/* Begin PBXGroup section */
		6E66E1BE2A2EAE3F001A167A = {
			isa = PBXGroup;
			children = (
				6E66E1C92A2EAE40001A167A /* magicX_dheeraTakeHome */,
				6E66E1DA2A2EAE41001A167A /* magicX_dheeraTakeHomeTests */,
				6E66E1E42A2EAE41001A167A /* magicX_dheeraTakeHomeUITests */,
				6E66E1C82A2EAE40001A167A /* Products */,
			);
			sourceTree = "<group>";
		};
		6E66E1C82A2EAE40001A167A /* Products */ = {
			isa = PBXGroup;
			children = (
				6E66E1C72A2EAE40001A167A /* magicX_dheeraTakeHome.app */,
				6E66E1D72A2EAE41001A167A /* magicX_dheeraTakeHomeTests.xctest */,
				6E66E1E12A2EAE41001A167A /* magicX_dheeraTakeHomeUITests.xctest */,
			);
			name = Products;
			sourceTree = "<group>";
		};
		6E66E1C92A2EAE40001A167A /* magicX_dheeraTakeHome */ = {
			isa = PBXGroup;
			children = (
				6E66E1CA2A2EAE40001A167A /* magicX_dheeraTakeHomeApp.swift */,
				6E66E1CC2A2EAE40001A167A /* ContentView.swift */,
				6E66E1CE2A2EAE41001A167A /* Assets.xcassets */,
				6E66E1D02A2EAE41001A167A /* Preview Content */,
			);
			path = magicX_dheeraTakeHome;
			sourceTree = "<group>";
		};
		6E66E1D02A2EAE41001A167A /* Preview Content */ = {
			isa = PBXGroup;
			children = (
				6E66E1D12A2EAE41001A167A /* Preview Assets.xcassets */,
			);
			path = "Preview Content";
			sourceTree = "<group>";
		};
		6E66E1DA2A2EAE41001A167A /* magicX_dheeraTakeHomeTests */ = {
			isa = PBXGroup;
			children = (
				6E66E1DB2A2EAE41001A167A /* magicX_dheeraTakeHomeTests.swift */,
			);
			path = magicX_dheeraTakeHomeTests;
			sourceTree = "<group>";
		};
		6E66E1E42A2EAE41001A167A /* magicX_dheeraTakeHomeUITests */ = {
			isa = PBXGroup;
			children = (
				6E66E1E52A2EAE41001A167A /* magicX_dheeraTakeHomeUITests.swift */,
				6E66E1E72A2EAE42001A167A /* magicX_dheeraTakeHomeUITestsLaunchTests.swift */,
			);
			path = magicX_dheeraTakeHomeUITests;
			sourceTree = "<group>";
		};
/* End PBXGroup section */

/* Begin PBXNativeTarget section */
		6E66E1C62A2EAE40001A167A /* magicX_dheeraTakeHome */ = {
			isa = PBXNativeTarget;
			buildConfigurationList = 6E66E1EB2A2EAE42001A167A /* Build configuration list for PBXNativeTarget "magicX_dheeraTakeHome" */;
			buildPhases = (
				6E66E1C32A2EAE40001A167A /* Sources */,
				6E66E1C42A2EAE40001A167A /* Frameworks */,
				6E66E1C52A2EAE40001A167A /* Resources */,
			);
			buildRules = (
			);
			dependencies = (
			);
			name = magicX_dheeraTakeHome;
			productName = magicX_dheeraTakeHome;
			productReference = 6E66E1C72A2EAE40001A167A /* magicX_dheeraTakeHome.app */;
			productType = "com.apple.product-type.application";
		};
		6E66E1D62A2EAE41001A167A /* magicX_dheeraTakeHomeTests */ = {
			isa = PBXNativeTarget;
			buildConfigurationList = 6E66E1EE2A2EAE42001A167A /* Build configuration list for PBXNativeTarget "magicX_dheeraTakeHomeTests" */;
			buildPhases = (
				6E66E1D32A2EAE41001A167A /* Sources */,
				6E66E1D42A2EAE41001A167A /* Frameworks */,
				6E66E1D52A2EAE41001A167A /* Resources */,
			);
			buildRules = (
			);
			dependencies = (
				6E66E1D92A2EAE41001A167A /* PBXTargetDependency */,
			);
			name = magicX_dheeraTakeHomeTests;
			productName = magicX_dheeraTakeHomeTests;
			productReference = 6E66E1D72A2EAE41001A167A /* magicX_dheeraTakeHomeTests.xctest */;
			productType = "com.apple.product-type.bundle.unit-test";
		};
		6E66E1E02A2EAE41001A167A /* magicX_dheeraTakeHomeUITests */ = {
			isa = PBXNativeTarget;
			buildConfigurationList = 6E66E1F12A2EAE42001A167A /* Build configuration list for PBXNativeTarget "magicX_dheeraTakeHomeUITests" */;
			buildPhases = (
				6E66E1DD2A2EAE41001A167A /* Sources */,
				6E66E1DE2A2EAE41001A167A /* Frameworks */,
				6E66E1DF2A2EAE41001A167A /* Resources */,
			);
			buildRules = (
			);
			dependencies = (
				6E66E1E32A2EAE41001A167A /* PBXTargetDependency */,
			);
			name = magicX_dheeraTakeHomeUITests;
			productName = magicX_dheeraTakeHomeUITests;
			productReference = 6E66E1E12A2EAE41001A167A /* magicX_dheeraTakeHomeUITests.xctest */;
			productType = "com.apple.product-type.bundle.ui-testing";
		};
/* End PBXNativeTarget section */

/* Begin PBXProject section */
		6E66E1BF2A2EAE3F001A167A /* Project object */ = {
			isa = PBXProject;
			attributes = {
				BuildIndependentTargetsInParallel = 1;
				LastSwiftUpdateCheck = 1430;
				LastUpgradeCheck = 1430;
				TargetAttributes = {
					6E66E1C62A2EAE40001A167A = {
						CreatedOnToolsVersion = 14.3.1;
					};
					6E66E1D62A2EAE41001A167A = {
						CreatedOnToolsVersion = 14.3.1;
						TestTargetID = 6E66E1C62A2EAE40001A167A;
					};
					6E66E1E02A2EAE41001A167A = {
						CreatedOnToolsVersion = 14.3.1;
						TestTargetID = 6E66E1C62A2EAE40001A167A;
					};
				};
			};
			buildConfigurationList = 6E66E1C22A2EAE3F001A167A /* Build configuration list for PBXProject "magicX_dheeraTakeHome" */;
			compatibilityVersion = "Xcode 14.0";
			developmentRegion = en;
			hasScannedForEncodings = 0;
			knownRegions = (
				en,
				Base,
			);
			mainGroup = 6E66E1BE2A2EAE3F001A167A;
			productRefGroup = 6E66E1C82A2EAE40001A167A /* Products */;
			projectDirPath = "";
			projectRoot = "";
			targets = (
				6E66E1C62A2EAE40001A167A /* magicX_dheeraTakeHome */,
				6E66E1D62A2EAE41001A167A /* magicX_dheeraTakeHomeTests */,
				6E66E1E02A2EAE41001A167A /* magicX_dheeraTakeHomeUITests */,
			);
		};
/* End PBXProject section */

/* Begin PBXResourcesBuildPhase section */
		6E66E1C52A2EAE40001A167A /* Resources */ = {
			isa = PBXResourcesBuildPhase;
			buildActionMask = 2147483647;
			files = (
				6E66E1D22A2EAE41001A167A /* Preview Assets.xcassets in Resources */,
				6E66E1CF2A2EAE41001A167A /* Assets.xcassets in Resources */,
			);
			runOnlyForDeploymentPostprocessing = 0;
		};
		6E66E1D52A2EAE41001A167A /* Resources */ = {
			isa = PBXResourcesBuildPhase;
			buildActionMask = 2147483647;
			files = (
			);
			runOnlyForDeploymentPostprocessing = 0;
		};
		6E66E1DF2A2EAE41001A167A /* Resources */ = {
			isa = PBXResourcesBuildPhase;
			buildActionMask = 2147483647;
			files = (
			);
			runOnlyForDeploymentPostprocessing = 0;
		};
/* End PBXResourcesBuildPhase section */

/* Begin PBXSourcesBuildPhase section */
		6E66E1C32A2EAE40001A167A /* Sources */ = {
			isa = PBXSourcesBuildPhase;
			buildActionMask = 2147483647;
			files = (
				6E66E1CD2A2EAE40001A167A /* ContentView.swift in Sources */,
				6E66E1CB2A2EAE40001A167A /* magicX_dheeraTakeHomeApp.swift in Sources */,
			);
			runOnlyForDeploymentPostprocessing = 0;
		};
		6E66E1D32A2EAE41001A167A /* Sources */ = {
			isa = PBXSourcesBuildPhase;
			buildActionMask = 2147483647;
			files = (
				6E66E1DC2A2EAE41001A167A /* magicX_dheeraTakeHomeTests.swift in Sources */,
			);
			runOnlyForDeploymentPostprocessing = 0;
		};
		6E66E1DD2A2EAE41001A167A /* Sources */ = {
			isa = PBXSourcesBuildPhase;
			buildActionMask = 2147483647;
			files = (
				6E66E1E82A2EAE42001A167A /* magicX_dheeraTakeHomeUITestsLaunchTests.swift in Sources */,
				6E66E1E62A2EAE41001A167A /* magicX_dheeraTakeHomeUITests.swift in Sources */,
			);
			runOnlyForDeploymentPostprocessing = 0;
		};
/* End PBXSourcesBuildPhase section */

/* Begin PBXTargetDependency section */
		6E66E1D92A2EAE41001A167A /* PBXTargetDependency */ = {
			isa = PBXTargetDependency;
			target = 6E66E1C62A2EAE40001A167A /* magicX_dheeraTakeHome */;
			targetProxy = 6E66E1D82A2EAE41001A167A /* PBXContainerItemProxy */;
		};
		6E66E1E32A2EAE41001A167A /* PBXTargetDependency */ = {
			isa = PBXTargetDependency;
			target = 6E66E1C62A2EAE40001A167A /* magicX_dheeraTakeHome */;
			targetProxy = 6E66E1E22A2EAE41001A167A /* PBXContainerItemProxy */;
		};
/* End PBXTargetDependency section */

/* Begin XCBuildConfiguration section */
		6E66E1E92A2EAE42001A167A /* Debug */ = {
			isa = XCBuildConfiguration;
			buildSettings = {
				ALWAYS_SEARCH_USER_PATHS = NO;
				CLANG_ANALYZER_NONNULL = YES;
				CLANG_ANALYZER_NUMBER_OBJECT_CONVERSION = YES_AGGRESSIVE;
				CLANG_CXX_LANGUAGE_STANDARD = "gnu++20";
				CLANG_ENABLE_MODULES = YES;
				CLANG_ENABLE_OBJC_ARC = YES;
				CLANG_ENABLE_OBJC_WEAK = YES;
				CLANG_WARN_BLOCK_CAPTURE_AUTORELEASING = YES;
				CLANG_WARN_BOOL_CONVERSION = YES;
				CLANG_WARN_COMMA = YES;
				CLANG_WARN_CONSTANT_CONVERSION = YES;
				CLANG_WARN_DEPRECATED_OBJC_IMPLEMENTATIONS = YES;
				CLANG_WARN_DIRECT_OBJC_ISA_USAGE = YES_ERROR;
				CLANG_WARN_DOCUMENTATION_COMMENTS = YES;
				CLANG_WARN_EMPTY_BODY = YES;
				CLANG_WARN_ENUM_CONVERSION = YES;
				CLANG_WARN_INFINITE_RECURSION = YES;
				CLANG_WARN_INT_CONVERSION = YES;
				CLANG_WARN_NON_LITERAL_NULL_CONVERSION = YES;
				CLANG_WARN_OBJC_IMPLICIT_RETAIN_SELF = YES;
				CLANG_WARN_OBJC_LITERAL_CONVERSION = YES;
				CLANG_WARN_OBJC_ROOT_CLASS = YES_ERROR;
				CLANG_WARN_QUOTED_INCLUDE_IN_FRAMEWORK_HEADER = YES;
				CLANG_WARN_RANGE_LOOP_ANALYSIS = YES;
				CLANG_WARN_STRICT_PROTOTYPES = YES;
				CLANG_WARN_SUSPICIOUS_MOVE = YES;
				CLANG_WARN_UNGUARDED_AVAILABILITY = YES_AGGRESSIVE;
				CLANG_WARN_UNREACHABLE_CODE = YES;
				CLANG_WARN__DUPLICATE_METHOD_MATCH = YES;
				COPY_PHASE_STRIP = NO;
				DEBUG_INFORMATION_FORMAT = dwarf;
				ENABLE_STRICT_OBJC_MSGSEND = YES;
				ENABLE_TESTABILITY = YES;
				GCC_C_LANGUAGE_STANDARD = gnu11;
				GCC_DYNAMIC_NO_PIC = NO;
				GCC_NO_COMMON_BLOCKS = YES;
				GCC_OPTIMIZATION_LEVEL = 0;
				GCC_PREPROCESSOR_DEFINITIONS = (
					"DEBUG=1",
					"$(inherited)",
				);
				GCC_WARN_64_TO_32_BIT_CONVERSION = YES;
				GCC_WARN_ABOUT_RETURN_TYPE = YES_ERROR;
				GCC_WARN_UNDECLARED_SELECTOR = YES;
				GCC_WARN_UNINITIALIZED_AUTOS = YES_AGGRESSIVE;
				GCC_WARN_UNUSED_FUNCTION = YES;
				GCC_WARN_UNUSED_VARIABLE = YES;
				IPHONEOS_DEPLOYMENT_TARGET = 16.4;
				MTL_ENABLE_DEBUG_INFO = INCLUDE_SOURCE;
				MTL_FAST_MATH = YES;
				ONLY_ACTIVE_ARCH = YES;
				SDKROOT = iphoneos;
				SWIFT_ACTIVE_COMPILATION_CONDITIONS = DEBUG;
				SWIFT_OPTIMIZATION_LEVEL = "-Onone";
			};
			name = Debug;
		};
		6E66E1EA2A2EAE42001A167A /* Release */ = {
			isa = XCBuildConfiguration;
			buildSettings = {
				ALWAYS_SEARCH_USER_PATHS = NO;
				CLANG_ANALYZER_NONNULL = YES;
				CLANG_ANALYZER_NUMBER_OBJECT_CONVERSION = YES_AGGRESSIVE;
				CLANG_CXX_LANGUAGE_STANDARD = "gnu++20";
				CLANG_ENABLE_MODULES = YES;
				CLANG_ENABLE_OBJC_ARC = YES;
				CLANG_ENABLE_OBJC_WEAK = YES;
				CLANG_WARN_BLOCK_CAPTURE_AUTORELEASING = YES;
				CLANG_WARN_BOOL_CONVERSION = YES;
				CLANG_WARN_COMMA = YES;
				CLANG_WARN_CONSTANT_CONVERSION = YES;
				CLANG_WARN_DEPRECATED_OBJC_IMPLEMENTATIONS = YES;
				CLANG_WARN_DIRECT_OBJC_ISA_USAGE = YES_ERROR;
				CLANG_WARN_DOCUMENTATION_COMMENTS = YES;
				CLANG_WARN_EMPTY_BODY = YES;
				CLANG_WARN_ENUM_CONVERSION = YES;
				CLANG_WARN_INFINITE_RECURSION = YES;
				CLANG_WARN_INT_CONVERSION = YES;
				CLANG_WARN_NON_LITERAL_NULL_CONVERSION = YES;
				CLANG_WARN_OBJC_IMPLICIT_RETAIN_SELF = YES;
				CLANG_WARN_OBJC_LITERAL_CONVERSION = YES;
				CLANG_WARN_OBJC_ROOT_CLASS = YES_ERROR;
				CLANG_WARN_QUOTED_INCLUDE_IN_FRAMEWORK_HEADER = YES;
				CLANG_WARN_RANGE_LOOP_ANALYSIS = YES;
				CLANG_WARN_STRICT_PROTOTYPES = YES;
				CLANG_WARN_SUSPICIOUS_MOVE = YES;
				CLANG_WARN_UNGUARDED_AVAILABILITY = YES_AGGRESSIVE;
				CLANG_WARN_UNREACHABLE_CODE = YES;
				CLANG_WARN__DUPLICATE_METHOD_MATCH = YES;
				COPY_PHASE_STRIP = NO;
				DEBUG_INFORMATION_FORMAT = "dwarf-with-dsym";
				ENABLE_NS_ASSERTIONS = NO;
				ENABLE_STRICT_OBJC_MSGSEND = YES;
				GCC_C_LANGUAGE_STANDARD = gnu11;
				GCC_NO_COMMON_BLOCKS = YES;
				GCC_WARN_64_TO_32_BIT_CONVERSION = YES;
				GCC_WARN_ABOUT_RETURN_TYPE = YES_ERROR;
				GCC_WARN_UNDECLARED_SELECTOR = YES;
				GCC_WARN_UNINITIALIZED_AUTOS = YES_AGGRESSIVE;
				GCC_WARN_UNUSED_FUNCTION = YES;
				GCC_WARN_UNUSED_VARIABLE = YES;
				IPHONEOS_DEPLOYMENT_TARGET = 16.4;
				MTL_ENABLE_DEBUG_INFO = NO;
				MTL_FAST_MATH = YES;
				SDKROOT = iphoneos;
				SWIFT_COMPILATION_MODE = wholemodule;
				SWIFT_OPTIMIZATION_LEVEL = "-O";
				VALIDATE_PRODUCT = YES;
			};
			name = Release;
		};
		6E66E1EC2A2EAE42001A167A /* Debug */ = {
			isa = XCBuildConfiguration;
			buildSettings = {
				ASSETCATALOG_COMPILER_APPICON_NAME = AppIcon;
				ASSETCATALOG_COMPILER_GLOBAL_ACCENT_COLOR_NAME = AccentColor;
				CODE_SIGN_STYLE = Automatic;
				CURRENT_PROJECT_VERSION = 1;
				DEVELOPMENT_ASSET_PATHS = "\"magicX_dheeraTakeHome/Preview Content\"";
				ENABLE_PREVIEWS = YES;
				GENERATE_INFOPLIST_FILE = YES;
				INFOPLIST_KEY_UIApplicationSceneManifest_Generation = YES;
				INFOPLIST_KEY_UIApplicationSupportsIndirectInputEvents = YES;
				INFOPLIST_KEY_UILaunchScreen_Generation = YES;
				INFOPLIST_KEY_UISupportedInterfaceOrientations_iPad = "UIInterfaceOrientationPortrait UIInterfaceOrientationPortraitUpsideDown UIInterfaceOrientationLandscapeLeft UIInterfaceOrientationLandscapeRight";
				INFOPLIST_KEY_UISupportedInterfaceOrientations_iPhone = "UIInterfaceOrientationPortrait UIInterfaceOrientationLandscapeLeft UIInterfaceOrientationLandscapeRight";
				LD_RUNPATH_SEARCH_PATHS = (
					"$(inherited)",
					"@executable_path/Frameworks",
				);
				MARKETING_VERSION = 1.0;
				PRODUCT_BUNDLE_IDENTIFIER = "dheera.magicX-dheeraTakeHome";
				PRODUCT_NAME = "$(TARGET_NAME)";
				SWIFT_EMIT_LOC_STRINGS = YES;
				SWIFT_VERSION = 5.0;
				TARGETED_DEVICE_FAMILY = "1,2";
			};
			name = Debug;
		};
		6E66E1ED2A2EAE42001A167A /* Release */ = {
			isa = XCBuildConfiguration;
			buildSettings = {
				ASSETCATALOG_COMPILER_APPICON_NAME = AppIcon;
				ASSETCATALOG_COMPILER_GLOBAL_ACCENT_COLOR_NAME = AccentColor;
				CODE_SIGN_STYLE = Automatic;
				CURRENT_PROJECT_VERSION = 1;
				DEVELOPMENT_ASSET_PATHS = "\"magicX_dheeraTakeHome/Preview Content\"";
				ENABLE_PREVIEWS = YES;
				GENERATE_INFOPLIST_FILE = YES;
				INFOPLIST_KEY_UIApplicationSceneManifest_Generation = YES;
				INFOPLIST_KEY_UIApplicationSupportsIndirectInputEvents = YES;
				INFOPLIST_KEY_UILaunchScreen_Generation = YES;
				INFOPLIST_KEY_UISupportedInterfaceOrientations_iPad = "UIInterfaceOrientationPortrait UIInterfaceOrientationPortraitUpsideDown UIInterfaceOrientationLandscapeLeft UIInterfaceOrientationLandscapeRight";
				INFOPLIST_KEY_UISupportedInterfaceOrientations_iPhone = "UIInterfaceOrientationPortrait UIInterfaceOrientationLandscapeLeft UIInterfaceOrientationLandscapeRight";
				LD_RUNPATH_SEARCH_PATHS = (
					"$(inherited)",
					"@executable_path/Frameworks",
				);
				MARKETING_VERSION = 1.0;
				PRODUCT_BUNDLE_IDENTIFIER = "dheera.magicX-dheeraTakeHome";
				PRODUCT_NAME = "$(TARGET_NAME)";
				SWIFT_EMIT_LOC_STRINGS = YES;
				SWIFT_VERSION = 5.0;
				TARGETED_DEVICE_FAMILY = "1,2";
			};
			name = Release;
		};
		6E66E1EF2A2EAE42001A167A /* Debug */ = {
			isa = XCBuildConfiguration;
			buildSettings = {
				ALWAYS_EMBED_SWIFT_STANDARD_LIBRARIES = YES;
				BUNDLE_LOADER = "$(TEST_HOST)";
				CODE_SIGN_STYLE = Automatic;
				CURRENT_PROJECT_VERSION = 1;
				GENERATE_INFOPLIST_FILE = YES;
				IPHONEOS_DEPLOYMENT_TARGET = 16.4;
				MARKETING_VERSION = 1.0;
				PRODUCT_BUNDLE_IDENTIFIER = "dheera.magicX-dheeraTakeHomeTests";
				PRODUCT_NAME = "$(TARGET_NAME)";
				SWIFT_EMIT_LOC_STRINGS = NO;
				SWIFT_VERSION = 5.0;
				TARGETED_DEVICE_FAMILY = "1,2";
				TEST_HOST = "$(BUILT_PRODUCTS_DIR)/magicX_dheeraTakeHome.app/$(BUNDLE_EXECUTABLE_FOLDER_PATH)/magicX_dheeraTakeHome";
			};
			name = Debug;
		};
		6E66E1F02A2EAE42001A167A /* Release */ = {
			isa = XCBuildConfiguration;
			buildSettings = {
				ALWAYS_EMBED_SWIFT_STANDARD_LIBRARIES = YES;
				BUNDLE_LOADER = "$(TEST_HOST)";
				CODE_SIGN_STYLE = Automatic;
				CURRENT_PROJECT_VERSION = 1;
				GENERATE_INFOPLIST_FILE = YES;
				IPHONEOS_DEPLOYMENT_TARGET = 16.4;
				MARKETING_VERSION = 1.0;
				PRODUCT_BUNDLE_IDENTIFIER = "dheera.magicX-dheeraTakeHomeTests";
				PRODUCT_NAME = "$(TARGET_NAME)";
				SWIFT_EMIT_LOC_STRINGS = NO;
				SWIFT_VERSION = 5.0;
				TARGETED_DEVICE_FAMILY = "1,2";
				TEST_HOST = "$(BUILT_PRODUCTS_DIR)/magicX_dheeraTakeHome.app/$(BUNDLE_EXECUTABLE_FOLDER_PATH)/magicX_dheeraTakeHome";
			};
			name = Release;
		};
		6E66E1F22A2EAE42001A167A /* Debug */ = {
			isa = XCBuildConfiguration;
			buildSettings = {
				ALWAYS_EMBED_SWIFT_STANDARD_LIBRARIES = YES;
				CODE_SIGN_STYLE = Automatic;
				CURRENT_PROJECT_VERSION = 1;
				GENERATE_INFOPLIST_FILE = YES;
				MARKETING_VERSION = 1.0;
				PRODUCT_BUNDLE_IDENTIFIER = "dheera.magicX-dheeraTakeHomeUITests";
				PRODUCT_NAME = "$(TARGET_NAME)";
				SWIFT_EMIT_LOC_STRINGS = NO;
				SWIFT_VERSION = 5.0;
				TARGETED_DEVICE_FAMILY = "1,2";
				TEST_TARGET_NAME = magicX_dheeraTakeHome;
			};
			name = Debug;
		};
		6E66E1F32A2EAE42001A167A /* Release */ = {
			isa = XCBuildConfiguration;
			buildSettings = {
				ALWAYS_EMBED_SWIFT_STANDARD_LIBRARIES = YES;
				CODE_SIGN_STYLE = Automatic;
				CURRENT_PROJECT_VERSION = 1;
				GENERATE_INFOPLIST_FILE = YES;
				MARKETING_VERSION = 1.0;
				PRODUCT_BUNDLE_IDENTIFIER = "dheera.magicX-dheeraTakeHomeUITests";
				PRODUCT_NAME = "$(TARGET_NAME)";
				SWIFT_EMIT_LOC_STRINGS = NO;
				SWIFT_VERSION = 5.0;
				TARGETED_DEVICE_FAMILY = "1,2";
				TEST_TARGET_NAME = magicX_dheeraTakeHome;
			};
			name = Release;
		};
/* End XCBuildConfiguration section */

/* Begin XCConfigurationList section */
		6E66E1C22A2EAE3F001A167A /* Build configuration list for PBXProject "magicX_dheeraTakeHome" */ = {
			isa = XCConfigurationList;
			buildConfigurations = (
				6E66E1E92A2EAE42001A167A /* Debug */,
				6E66E1EA2A2EAE42001A167A /* Release */,
			);
			defaultConfigurationIsVisible = 0;
			defaultConfigurationName = Release;
		};
		6E66E1EB2A2EAE42001A167A /* Build configuration list for PBXNativeTarget "magicX_dheeraTakeHome" */ = {
			isa = XCConfigurationList;
			buildConfigurations = (
				6E66E1EC2A2EAE42001A167A /* Debug */,
				6E66E1ED2A2EAE42001A167A /* Release */,
			);
			defaultConfigurationIsVisible = 0;
			defaultConfigurationName = Release;
		};
		6E66E1EE2A2EAE42001A167A /* Build configuration list for PBXNativeTarget "magicX_dheeraTakeHomeTests" */ = {
			isa = XCConfigurationList;
			buildConfigurations = (
				6E66E1EF2A2EAE42001A167A /* Debug */,
				6E66E1F02A2EAE42001A167A /* Release */,
			);
			defaultConfigurationIsVisible = 0;
			defaultConfigurationName = Release;
		};
		6E66E1F12A2EAE42001A167A /* Build configuration list for PBXNativeTarget "magicX_dheeraTakeHomeUITests" */ = {
			isa = XCConfigurationList;
			buildConfigurations = (
				6E66E1F22A2EAE42001A167A /* Debug */,
				6E66E1F32A2EAE42001A167A /* Release */,
			);
			defaultConfigurationIsVisible = 0;
			defaultConfigurationName = Release;
		};
/* End XCConfigurationList section */
	};
	rootObject = 6E66E1BF2A2EAE3F001A167A /* Project object */;
}
